
Microsoft Visual Studio Solution File, Format Version 11.00
# Visual C++ Express 2010
Project("{8BC9CEB8-8B4A-11D0-8D11-00A0C91BC942}") = "Exercise_01", "Exercise_01\Exercise_01.vcxproj", "{5E88E936-75D9-4BD3-B3FC-2548F305445D}"
EndProject
Project("{8BC9CEB8-8B4A-11D0-8D11-00A0C91BC942}") = "Exercise_02", "Exercise_02\Exercise_02.vcxproj", "{F651D349-140D-4529-9C2C-ACDD2B4C10D2}"
EndProject
Project("{8BC9CEB8-8B4A-11D0-8D11-00A0C91BC942}") = "Exercise_03", "Exercise_03\Exercise_03.vcxproj", "{483AB638-B834-4603-9BE5-7CA723F79762}"
EndProject
Project("{8BC9CEB8-8B4A-11D0-8D11-00A0C91BC942}") = "Exercise_04", "Exercise_04\Exercise_04.vcxproj", "{6371FF3A-73CC-4B6E-B488-DC7641D6CB9C}"
EndProject
Global
	GlobalSection(SolutionConfigurationPlatforms) = preSolution
		Debug|Win32 = Debug|Win32
		Release|Win32 = Release|Win32
	EndGlobalSection
	GlobalSection(ProjectConfigurationPlatforms) = postSolution
		{5E88E936-75D9-4BD3-B3FC-2548F305445D}.Debug|Win32.ActiveCfg = Debug|Win32
		{5E88E936-75D9-4BD3-B3FC-2548F305445D}.Debug|Win32.Build.0 = Debug|Win32
		{5E88E936-75D9-4BD3-B3FC-2548F305445D}.Release|Win32.ActiveCfg = Release|Win32
		{5E88E936-75D9-4BD3-B3FC-2548F305445D}.Release|Win32.Build.0 = Release|Win32
		{F651D349-140D-4529-9C2C-ACDD2B4C10D2}.Debug|Win32.ActiveCfg = Debug|Win32
		{F651D349-140D-4529-9C2C-ACDD2B4C10D2}.Debug|Win32.Build.0 = Debug|Win32
		{F651D349-140D-4529-9C2C-ACDD2B4C10D2}.Release|Win32.ActiveCfg = Release|Win32
		{F651D349-140D-4529-9C2C-ACDD2B4C10D2}.Release|Win32.Build.0 = Release|Win32
		{483AB638-B834-4603-9BE5-7CA723F79762}.Debug|Win32.ActiveCfg = Debug|Win32
		{483AB638-B834-4603-9BE5-7CA723F79762}.Debug|Win32.Build.0 = Debug|Win32
		{483AB638-B834-4603-9BE5-7CA723F79762}.Release|Win32.ActiveCfg = Release|Win32
		{483AB638-B834-4603-9BE5-7CA723F79762}.Release|Win32.Build.0 = Release|Win32
		{6371FF3A-73CC-4B6E-B488-DC7641D6CB9C}.Debug|Win32.ActiveCfg = Debug|Win32
		{6371FF3A-73CC-4B6E-B488-DC7641D6CB9C}.Debug|Win32.Build.0 = Debug|Win32
		{6371FF3A-73CC-4B6E-B488-DC7641D6CB9C}.Release|Win32.ActiveCfg = Release|Win32
		{6371FF3A-73CC-4B6E-B488-DC7641D6CB9C}.Release|Win32.Build.0 = Release|Win32
	EndGlobalSection
	GlobalSection(SolutionProperties) = preSolution
		HideSolutionNode = FALSE
	EndGlobalSection
EndGlobal
