
Microsoft Visual Studio Solution File, Format Version 11.00
# Visual C++ Express 2010
Project("{8BC9CEB8-8B4A-11D0-8D11-00A0C91BC942}") = "Exercise_1", "Exercise_1\Exercise_1.vcxproj", "{16FD5FC8-A612-4DFA-B11A-79BB430777E2}"
EndProject
Project("{8BC9CEB8-8B4A-11D0-8D11-00A0C91BC942}") = "Exercise_2", "Exercise_2\Exercise_2.vcxproj", "{9DA1D08D-BB70-4A9A-8F13-C5E5C52F4CFD}"
EndProject
Project("{8BC9CEB8-8B4A-11D0-8D11-00A0C91BC942}") = "Exercise_3", "Exercise_3\Exercise_3.vcxproj", "{B986D913-751F-402A-9320-5ED322A1E114}"
EndProject
Project("{8BC9CEB8-8B4A-11D0-8D11-00A0C91BC942}") = "Exercise_4", "Exercise_4\Exercise_4.vcxproj", "{355E379C-64C8-46AC-8D3D-52CE2AFB036C}"
EndProject
Project("{8BC9CEB8-8B4A-11D0-8D11-00A0C91BC942}") = "Exercise_5", "Exercise_5\Exercise_5.vcxproj", "{EBCE71CC-6645-4CFD-834B-028BDA30BCB5}"
EndProject
Project("{8BC9CEB8-8B4A-11D0-8D11-00A0C91BC942}") = "Exercise_6", "Exercise_6\Exercise_6.vcxproj", "{95023D08-5613-47B2-8C12-28DB1EB8C4FB}"
EndProject
Global
	GlobalSection(SolutionConfigurationPlatforms) = preSolution
		Debug|Win32 = Debug|Win32
		Release|Win32 = Release|Win32
	EndGlobalSection
	GlobalSection(ProjectConfigurationPlatforms) = postSolution
		{16FD5FC8-A612-4DFA-B11A-79BB430777E2}.Debug|Win32.ActiveCfg = Debug|Win32
		{16FD5FC8-A612-4DFA-B11A-79BB430777E2}.Debug|Win32.Build.0 = Debug|Win32
		{16FD5FC8-A612-4DFA-B11A-79BB430777E2}.Release|Win32.ActiveCfg = Release|Win32
		{16FD5FC8-A612-4DFA-B11A-79BB430777E2}.Release|Win32.Build.0 = Release|Win32
		{9DA1D08D-BB70-4A9A-8F13-C5E5C52F4CFD}.Debug|Win32.ActiveCfg = Debug|Win32
		{9DA1D08D-BB70-4A9A-8F13-C5E5C52F4CFD}.Debug|Win32.Build.0 = Debug|Win32
		{9DA1D08D-BB70-4A9A-8F13-C5E5C52F4CFD}.Release|Win32.ActiveCfg = Release|Win32
		{9DA1D08D-BB70-4A9A-8F13-C5E5C52F4CFD}.Release|Win32.Build.0 = Release|Win32
		{B986D913-751F-402A-9320-5ED322A1E114}.Debug|Win32.ActiveCfg = Debug|Win32
		{B986D913-751F-402A-9320-5ED322A1E114}.Debug|Win32.Build.0 = Debug|Win32
		{B986D913-751F-402A-9320-5ED322A1E114}.Release|Win32.ActiveCfg = Release|Win32
		{B986D913-751F-402A-9320-5ED322A1E114}.Release|Win32.Build.0 = Release|Win32
		{355E379C-64C8-46AC-8D3D-52CE2AFB036C}.Debug|Win32.ActiveCfg = Debug|Win32
		{355E379C-64C8-46AC-8D3D-52CE2AFB036C}.Debug|Win32.Build.0 = Debug|Win32
		{355E379C-64C8-46AC-8D3D-52CE2AFB036C}.Release|Win32.ActiveCfg = Release|Win32
		{355E379C-64C8-46AC-8D3D-52CE2AFB036C}.Release|Win32.Build.0 = Release|Win32
		{EBCE71CC-6645-4CFD-834B-028BDA30BCB5}.Debug|Win32.ActiveCfg = Debug|Win32
		{EBCE71CC-6645-4CFD-834B-028BDA30BCB5}.Debug|Win32.Build.0 = Debug|Win32
		{EBCE71CC-6645-4CFD-834B-028BDA30BCB5}.Release|Win32.ActiveCfg = Release|Win32
		{EBCE71CC-6645-4CFD-834B-028BDA30BCB5}.Release|Win32.Build.0 = Release|Win32
		{95023D08-5613-47B2-8C12-28DB1EB8C4FB}.Debug|Win32.ActiveCfg = Debug|Win32
		{95023D08-5613-47B2-8C12-28DB1EB8C4FB}.Debug|Win32.Build.0 = Debug|Win32
		{95023D08-5613-47B2-8C12-28DB1EB8C4FB}.Release|Win32.ActiveCfg = Release|Win32
		{95023D08-5613-47B2-8C12-28DB1EB8C4FB}.Release|Win32.Build.0 = Release|Win32
	EndGlobalSection
	GlobalSection(SolutionProperties) = preSolution
		HideSolutionNode = FALSE
	EndGlobalSection
EndGlobal
