
Microsoft Visual Studio Solution File, Format Version 11.00
# Visual C++ Express 2010
Project("{8BC9CEB8-8B4A-11D0-8D11-00A0C91BC942}") = "Exercise_01", "Exercise_01\Exercise_01.vcxproj", "{59BA602C-2C8D-469B-916A-22209A823EAC}"
EndProject
Global
	GlobalSection(SolutionConfigurationPlatforms) = preSolution
		Debug|Win32 = Debug|Win32
		Release|Win32 = Release|Win32
	EndGlobalSection
	GlobalSection(ProjectConfigurationPlatforms) = postSolution
		{59BA602C-2C8D-469B-916A-22209A823EAC}.Debug|Win32.ActiveCfg = Debug|Win32
		{59BA602C-2C8D-469B-916A-22209A823EAC}.Debug|Win32.Build.0 = Debug|Win32
		{59BA602C-2C8D-469B-916A-22209A823EAC}.Release|Win32.ActiveCfg = Release|Win32
		{59BA602C-2C8D-469B-916A-22209A823EAC}.Release|Win32.Build.0 = Release|Win32
	EndGlobalSection
	GlobalSection(SolutionProperties) = preSolution
		HideSolutionNode = FALSE
	EndGlobalSection
EndGlobal
